
Microsoft Visual Studio Solution File, Format Version 12.00
# Visual Studio 15
VisualStudioVersion = 15.0.26124.0
MinimumVisualStudioVersion = 15.0.26124.0
Project("{2150E333-8FDC-42A3-9474-1A3956D46DE8}") = "Source", "Source", "{5F4E60C3-D761-4FD1-8665-6547F4CBBA4C}"
EndProject
Project("{FAE04EC0-301F-11D3-BF4B-00C04F79EFBC}") = "Connectors", "Source\Connectors\Connectors.csproj", "{36D49417-B145-4214-8521-59DA11FA1B2A}"
EndProject
Project("{FAE04EC0-301F-11D3-BF4B-00C04F79EFBC}") = "DataPoints", "Source\DataPoints\DataPoints.csproj", "{6EB0D8CC-ACA0-49D0-ADDD-BE2E76CFFC80}"
EndProject
Project("{2150E333-8FDC-42A3-9474-1A3956D46DE8}") = "Specifications", "Specifications", "{DCAB97D9-2E2E-47E7-9EE0-1C15A06246B3}"
EndProject
Project("{FAE04EC0-301F-11D3-BF4B-00C04F79EFBC}") = "DataPoints", "Specifications\DataPoints\DataPoints.csproj", "{A96D6C23-9D16-4D1D-8A7B-166064DA0D3A}"
EndProject
Project("{FAE04EC0-301F-11D3-BF4B-00C04F79EFBC}") = "TimeSeries", "Specifications\TimeSeries\TimeSeries.csproj", "{7016FCE2-C9DD-4276-99BB-1B48B751F8FF}"
EndProject
Project("{FAE04EC0-301F-11D3-BF4B-00C04F79EFBC}") = "DataTypes", "Specifications\DataTypes\DataTypes.csproj", "{5C65BBF9-343E-4BE6-B524-49B941D2A53C}"
EndProject
Project("{FAE04EC0-301F-11D3-BF4B-00C04F79EFBC}") = "DataTypes", "Source\DataTypes\DataTypes.csproj", "{865FB20C-3ECA-4C6D-8592-8E9B12CAAF15}"
EndProject
Project("{FAE04EC0-301F-11D3-BF4B-00C04F79EFBC}") = "TimeSeries", "Source\TimeSeries\TimeSeries.csproj", "{382A94AA-77AE-463A-B453-1362B5E22534}"
EndProject
Global
	GlobalSection(SolutionConfigurationPlatforms) = preSolution
		Debug|Any CPU = Debug|Any CPU
		Debug|x64 = Debug|x64
		Debug|x86 = Debug|x86
		Release|Any CPU = Release|Any CPU
		Release|x64 = Release|x64
		Release|x86 = Release|x86
	EndGlobalSection
	GlobalSection(SolutionProperties) = preSolution
		HideSolutionNode = FALSE
	EndGlobalSection
	GlobalSection(ProjectConfigurationPlatforms) = postSolution
		{36D49417-B145-4214-8521-59DA11FA1B2A}.Debug|Any CPU.ActiveCfg = Debug|Any CPU
		{36D49417-B145-4214-8521-59DA11FA1B2A}.Debug|Any CPU.Build.0 = Debug|Any CPU
		{36D49417-B145-4214-8521-59DA11FA1B2A}.Debug|x64.ActiveCfg = Debug|Any CPU
		{36D49417-B145-4214-8521-59DA11FA1B2A}.Debug|x64.Build.0 = Debug|Any CPU
		{36D49417-B145-4214-8521-59DA11FA1B2A}.Debug|x86.ActiveCfg = Debug|Any CPU
		{36D49417-B145-4214-8521-59DA11FA1B2A}.Debug|x86.Build.0 = Debug|Any CPU
		{36D49417-B145-4214-8521-59DA11FA1B2A}.Release|Any CPU.ActiveCfg = Release|Any CPU
		{36D49417-B145-4214-8521-59DA11FA1B2A}.Release|Any CPU.Build.0 = Release|Any CPU
		{36D49417-B145-4214-8521-59DA11FA1B2A}.Release|x64.ActiveCfg = Release|Any CPU
		{36D49417-B145-4214-8521-59DA11FA1B2A}.Release|x64.Build.0 = Release|Any CPU
		{36D49417-B145-4214-8521-59DA11FA1B2A}.Release|x86.ActiveCfg = Release|Any CPU
		{36D49417-B145-4214-8521-59DA11FA1B2A}.Release|x86.Build.0 = Release|Any CPU
		{6EB0D8CC-ACA0-49D0-ADDD-BE2E76CFFC80}.Debug|Any CPU.ActiveCfg = Debug|Any CPU
		{6EB0D8CC-ACA0-49D0-ADDD-BE2E76CFFC80}.Debug|Any CPU.Build.0 = Debug|Any CPU
		{6EB0D8CC-ACA0-49D0-ADDD-BE2E76CFFC80}.Debug|x64.ActiveCfg = Debug|Any CPU
		{6EB0D8CC-ACA0-49D0-ADDD-BE2E76CFFC80}.Debug|x64.Build.0 = Debug|Any CPU
		{6EB0D8CC-ACA0-49D0-ADDD-BE2E76CFFC80}.Debug|x86.ActiveCfg = Debug|Any CPU
		{6EB0D8CC-ACA0-49D0-ADDD-BE2E76CFFC80}.Debug|x86.Build.0 = Debug|Any CPU
		{6EB0D8CC-ACA0-49D0-ADDD-BE2E76CFFC80}.Release|Any CPU.ActiveCfg = Release|Any CPU
		{6EB0D8CC-ACA0-49D0-ADDD-BE2E76CFFC80}.Release|Any CPU.Build.0 = Release|Any CPU
		{6EB0D8CC-ACA0-49D0-ADDD-BE2E76CFFC80}.Release|x64.ActiveCfg = Release|Any CPU
		{6EB0D8CC-ACA0-49D0-ADDD-BE2E76CFFC80}.Release|x64.Build.0 = Release|Any CPU
		{6EB0D8CC-ACA0-49D0-ADDD-BE2E76CFFC80}.Release|x86.ActiveCfg = Release|Any CPU
		{6EB0D8CC-ACA0-49D0-ADDD-BE2E76CFFC80}.Release|x86.Build.0 = Release|Any CPU
		{A96D6C23-9D16-4D1D-8A7B-166064DA0D3A}.Debug|Any CPU.ActiveCfg = Debug|Any CPU
		{A96D6C23-9D16-4D1D-8A7B-166064DA0D3A}.Debug|Any CPU.Build.0 = Debug|Any CPU
		{A96D6C23-9D16-4D1D-8A7B-166064DA0D3A}.Debug|x64.ActiveCfg = Debug|Any CPU
		{A96D6C23-9D16-4D1D-8A7B-166064DA0D3A}.Debug|x64.Build.0 = Debug|Any CPU
		{A96D6C23-9D16-4D1D-8A7B-166064DA0D3A}.Debug|x86.ActiveCfg = Debug|Any CPU
		{A96D6C23-9D16-4D1D-8A7B-166064DA0D3A}.Debug|x86.Build.0 = Debug|Any CPU
		{A96D6C23-9D16-4D1D-8A7B-166064DA0D3A}.Release|Any CPU.ActiveCfg = Release|Any CPU
		{A96D6C23-9D16-4D1D-8A7B-166064DA0D3A}.Release|Any CPU.Build.0 = Release|Any CPU
		{A96D6C23-9D16-4D1D-8A7B-166064DA0D3A}.Release|x64.ActiveCfg = Release|Any CPU
		{A96D6C23-9D16-4D1D-8A7B-166064DA0D3A}.Release|x64.Build.0 = Release|Any CPU
		{A96D6C23-9D16-4D1D-8A7B-166064DA0D3A}.Release|x86.ActiveCfg = Release|Any CPU
		{A96D6C23-9D16-4D1D-8A7B-166064DA0D3A}.Release|x86.Build.0 = Release|Any CPU
		{7016FCE2-C9DD-4276-99BB-1B48B751F8FF}.Debug|Any CPU.ActiveCfg = Debug|Any CPU
		{7016FCE2-C9DD-4276-99BB-1B48B751F8FF}.Debug|Any CPU.Build.0 = Debug|Any CPU
		{7016FCE2-C9DD-4276-99BB-1B48B751F8FF}.Debug|x64.ActiveCfg = Debug|Any CPU
		{7016FCE2-C9DD-4276-99BB-1B48B751F8FF}.Debug|x64.Build.0 = Debug|Any CPU
		{7016FCE2-C9DD-4276-99BB-1B48B751F8FF}.Debug|x86.ActiveCfg = Debug|Any CPU
		{7016FCE2-C9DD-4276-99BB-1B48B751F8FF}.Debug|x86.Build.0 = Debug|Any CPU
		{7016FCE2-C9DD-4276-99BB-1B48B751F8FF}.Release|Any CPU.ActiveCfg = Release|Any CPU
		{7016FCE2-C9DD-4276-99BB-1B48B751F8FF}.Release|Any CPU.Build.0 = Release|Any CPU
		{7016FCE2-C9DD-4276-99BB-1B48B751F8FF}.Release|x64.ActiveCfg = Release|Any CPU
		{7016FCE2-C9DD-4276-99BB-1B48B751F8FF}.Release|x64.Build.0 = Release|Any CPU
		{7016FCE2-C9DD-4276-99BB-1B48B751F8FF}.Release|x86.ActiveCfg = Release|Any CPU
		{7016FCE2-C9DD-4276-99BB-1B48B751F8FF}.Release|x86.Build.0 = Release|Any CPU
		{5C65BBF9-343E-4BE6-B524-49B941D2A53C}.Debug|Any CPU.ActiveCfg = Debug|Any CPU
		{5C65BBF9-343E-4BE6-B524-49B941D2A53C}.Debug|Any CPU.Build.0 = Debug|Any CPU
		{5C65BBF9-343E-4BE6-B524-49B941D2A53C}.Debug|x64.ActiveCfg = Debug|Any CPU
		{5C65BBF9-343E-4BE6-B524-49B941D2A53C}.Debug|x64.Build.0 = Debug|Any CPU
		{5C65BBF9-343E-4BE6-B524-49B941D2A53C}.Debug|x86.ActiveCfg = Debug|Any CPU
		{5C65BBF9-343E-4BE6-B524-49B941D2A53C}.Debug|x86.Build.0 = Debug|Any CPU
		{5C65BBF9-343E-4BE6-B524-49B941D2A53C}.Release|Any CPU.ActiveCfg = Release|Any CPU
		{5C65BBF9-343E-4BE6-B524-49B941D2A53C}.Release|Any CPU.Build.0 = Release|Any CPU
		{5C65BBF9-343E-4BE6-B524-49B941D2A53C}.Release|x64.ActiveCfg = Release|Any CPU
		{5C65BBF9-343E-4BE6-B524-49B941D2A53C}.Release|x64.Build.0 = Release|Any CPU
		{5C65BBF9-343E-4BE6-B524-49B941D2A53C}.Release|x86.ActiveCfg = Release|Any CPU
		{5C65BBF9-343E-4BE6-B524-49B941D2A53C}.Release|x86.Build.0 = Release|Any CPU
		{865FB20C-3ECA-4C6D-8592-8E9B12CAAF15}.Debug|Any CPU.ActiveCfg = Debug|Any CPU
		{865FB20C-3ECA-4C6D-8592-8E9B12CAAF15}.Debug|Any CPU.Build.0 = Debug|Any CPU
		{865FB20C-3ECA-4C6D-8592-8E9B12CAAF15}.Debug|x64.ActiveCfg = Debug|Any CPU
		{865FB20C-3ECA-4C6D-8592-8E9B12CAAF15}.Debug|x64.Build.0 = Debug|Any CPU
		{865FB20C-3ECA-4C6D-8592-8E9B12CAAF15}.Debug|x86.ActiveCfg = Debug|Any CPU
		{865FB20C-3ECA-4C6D-8592-8E9B12CAAF15}.Debug|x86.Build.0 = Debug|Any CPU
		{865FB20C-3ECA-4C6D-8592-8E9B12CAAF15}.Release|Any CPU.ActiveCfg = Release|Any CPU
		{865FB20C-3ECA-4C6D-8592-8E9B12CAAF15}.Release|Any CPU.Build.0 = Release|Any CPU
		{865FB20C-3ECA-4C6D-8592-8E9B12CAAF15}.Release|x64.ActiveCfg = Release|Any CPU
		{865FB20C-3ECA-4C6D-8592-8E9B12CAAF15}.Release|x64.Build.0 = Release|Any CPU
		{865FB20C-3ECA-4C6D-8592-8E9B12CAAF15}.Release|x86.ActiveCfg = Release|Any CPU
		{865FB20C-3ECA-4C6D-8592-8E9B12CAAF15}.Release|x86.Build.0 = Release|Any CPU
		{382A94AA-77AE-463A-B453-1362B5E22534}.Debug|Any CPU.ActiveCfg = Debug|Any CPU
		{382A94AA-77AE-463A-B453-1362B5E22534}.Debug|Any CPU.Build.0 = Debug|Any CPU
		{382A94AA-77AE-463A-B453-1362B5E22534}.Debug|x64.ActiveCfg = Debug|Any CPU
		{382A94AA-77AE-463A-B453-1362B5E22534}.Debug|x64.Build.0 = Debug|Any CPU
		{382A94AA-77AE-463A-B453-1362B5E22534}.Debug|x86.ActiveCfg = Debug|Any CPU
		{382A94AA-77AE-463A-B453-1362B5E22534}.Debug|x86.Build.0 = Debug|Any CPU
		{382A94AA-77AE-463A-B453-1362B5E22534}.Release|Any CPU.ActiveCfg = Release|Any CPU
		{382A94AA-77AE-463A-B453-1362B5E22534}.Release|Any CPU.Build.0 = Release|Any CPU
		{382A94AA-77AE-463A-B453-1362B5E22534}.Release|x64.ActiveCfg = Release|Any CPU
		{382A94AA-77AE-463A-B453-1362B5E22534}.Release|x64.Build.0 = Release|Any CPU
		{382A94AA-77AE-463A-B453-1362B5E22534}.Release|x86.ActiveCfg = Release|Any CPU
		{382A94AA-77AE-463A-B453-1362B5E22534}.Release|x86.Build.0 = Release|Any CPU
	EndGlobalSection
	GlobalSection(NestedProjects) = preSolution
		{36D49417-B145-4214-8521-59DA11FA1B2A} = {5F4E60C3-D761-4FD1-8665-6547F4CBBA4C}
		{6EB0D8CC-ACA0-49D0-ADDD-BE2E76CFFC80} = {5F4E60C3-D761-4FD1-8665-6547F4CBBA4C}
		{A96D6C23-9D16-4D1D-8A7B-166064DA0D3A} = {DCAB97D9-2E2E-47E7-9EE0-1C15A06246B3}
		{7016FCE2-C9DD-4276-99BB-1B48B751F8FF} = {DCAB97D9-2E2E-47E7-9EE0-1C15A06246B3}
		{5C65BBF9-343E-4BE6-B524-49B941D2A53C} = {DCAB97D9-2E2E-47E7-9EE0-1C15A06246B3}
		{865FB20C-3ECA-4C6D-8592-8E9B12CAAF15} = {5F4E60C3-D761-4FD1-8665-6547F4CBBA4C}
		{382A94AA-77AE-463A-B453-1362B5E22534} = {5F4E60C3-D761-4FD1-8665-6547F4CBBA4C}
	EndGlobalSection
EndGlobal
